
Microsoft Visual Studio Solution File, Format Version 12.00
# Visual Studio Version 16
VisualStudioVersion = 16.0.30104.148
MinimumVisualStudioVersion = 10.0.40219.1
Project("{FAE04EC0-301F-11D3-BF4B-00C04F79EFBC}") = "Archiver", "Archiver.csproj", "{B49D9AA8-DA64-4D10-81E8-7AE54FAFC471}"
EndProject
Global
	GlobalSection(SolutionConfigurationPlatforms) = preSolution
		Debug|Any CPU = Debug|Any CPU
		Release|Any CPU = Release|Any CPU
	EndGlobalSection
	GlobalSection(ProjectConfigurationPlatforms) = postSolution
		{B49D9AA8-DA64-4D10-81E8-7AE54FAFC471}.Debug|Any CPU.ActiveCfg = Debug|Any CPU
		{B49D9AA8-DA64-4D10-81E8-7AE54FAFC471}.Debug|Any CPU.Build.0 = Debug|Any CPU
		{B49D9AA8-DA64-4D10-81E8-7AE54FAFC471}.Release|Any CPU.ActiveCfg = Release|Any CPU
		{B49D9AA8-DA64-4D10-81E8-7AE54FAFC471}.Release|Any CPU.Build.0 = Release|Any CPU
	EndGlobalSection
	GlobalSection(SolutionProperties) = preSolution
		HideSolutionNode = FALSE
	EndGlobalSection
	GlobalSection(ExtensibilityGlobals) = postSolution
		SolutionGuid = {476B801E-5852-4388-8D5E-274C167A64AB}
	EndGlobalSection
EndGlobal
